# THIS IS AN AUTOGENERATED FILE. DO NOT EDIT THIS FILE DIRECTLY.
# yarn lockfile v1


denodeify@^1.2.1:
  version "1.2.1"
  resolved "https://registry.yarnpkg.com/denodeify/-/denodeify-1.2.1.tgz#3a36287f5034e699e7577901052c2e6c94251631"

ember-rfc176-data@^0.2.7:
  version "0.2.7"
  resolved "https://registry.yarnpkg.com/ember-rfc176-data/-/ember-rfc176-data-0.2.7.tgz#bd355bc9b473e08096b518784170a23388bc973b"

eslint-plugin-ember@^4.6.1:
  version "4.6.1"
  resolved "https://registry.yarnpkg.com/eslint-plugin-ember/-/eslint-plugin-ember-4.6.1.tgz#8ce57accb68137081dbfa9c51c447ca2313f2e98"
  dependencies:
    ember-rfc176-data "^0.2.7"
    require-folder-tree "^1.4.5"
    snake-case "^2.1.0"

lodash@3.8.0:
  version "3.8.0"
  resolved "https://registry.yarnpkg.com/lodash/-/lodash-3.8.0.tgz#376eb98bdcd9382a9365c33c4cb8250de1325b91"

lower-case@^1.1.1:
  version "1.1.4"
  resolved "https://registry.yarnpkg.com/lower-case/-/lower-case-1.1.4.tgz#9a2cabd1b9e8e0ae993a4bf7d5875c39c42e8eac"

ms@2.0.0:
  version "2.0.0"
  resolved "https://registry.yarnpkg.com/ms/-/ms-2.0.0.tgz#5608aeadfc00be6c2901df5f9861788de0d597c8"

no-case@^2.2.0:
  version "2.3.2"
  resolved "https://registry.yarnpkg.com/no-case/-/no-case-2.3.2.tgz#60b813396be39b3f1288a4c1ed5d1e7d28b464ac"
  dependencies:
    lower-case "^1.1.1"

require-folder-tree@^1.4.5:
  version "1.4.5"
  resolved "https://registry.yarnpkg.com/require-folder-tree/-/require-folder-tree-1.4.5.tgz#dfe553cbab98cc88e1c56a3f2f358f06ef85bcb0"
  dependencies:
    lodash "3.8.0"

snake-case@^2.1.0:
  version "2.1.0"
  resolved "https://registry.yarnpkg.com/snake-case/-/snake-case-2.1.0.tgz#41bdb1b73f30ec66a04d4e2cad1b76387d4d6d9f"
  dependencies:
    no-case "^2.2.0"
