[[package]]
name = "atomicwrites"
version = "1.4.1"
requires_python = ">=2.7, !=3.0.*, !=3.1.*, !=3.2.*, !=3.3.*"
summary = "Atomic file writes."

[[package]]
name = "attrs"
version = "22.1.0"
requires_python = ">=3.5"
summary = "Classes Without Boilerplate"

[[package]]
name = "black"
version = "22.6.0"
requires_python = ">=3.6.2"
summary = "The uncompromising code formatter."
dependencies = [
    "click>=8.0.0",
    "mypy-extensions>=0.4.3",
    "pathspec>=0.9.0",
    "platformdirs>=2",
    "tomli>=1.1.0; python_full_version < \"3.11.0a7\"",
    "typing-extensions>=3.10.0.0; python_version < \"3.10\"",
]

[[package]]
name = "click"
version = "8.1.3"
requires_python = ">=3.7"
summary = "Composable command line interface toolkit"
dependencies = [
    "colorama; platform_system == \"Windows\"",
]

[[package]]
name = "colorama"
version = "0.4.5"
requires_python = ">=2.7, !=3.0.*, !=3.1.*, !=3.2.*, !=3.3.*, !=3.4.*"
summary = "Cross-platform colored terminal text."

[[package]]
name = "did-resolver"
version = "0.0.3"
requires_python = ">=3.9"
summary = ""
dependencies = [
    "typing-extensions>=4.3.0",
]

[[package]]
name = "exceptiongroup"
version = "1.0.0rc8"
requires_python = ">=3.7"
summary = "Backport of PEP 654 (exception groups)"

[[package]]
name = "flake8"
version = "4.0.1"
requires_python = ">=3.6"
summary = "the modular source code checker: pep8 pyflakes and co"
dependencies = [
    "mccabe<0.7.0,>=0.6.0",
    "pycodestyle<2.9.0,>=2.8.0",
    "pyflakes<2.5.0,>=2.4.0",
]

[[package]]
name = "hypothesis"
version = "6.53.0"
requires_python = ">=3.7"
summary = "A library for property-based testing"
dependencies = [
    "attrs>=19.2.0",
    "exceptiongroup>=1.0.0rc8; python_version < \"3.11\"",
    "sortedcontainers<3.0.0,>=2.1.0",
]

[[package]]
name = "hypothesis-auto"
version = "1.1.4"
requires_python = ">=3.6,<4.0"
summary = "Extends Hypothesis to add fully automatic testing of type annotated functions"
dependencies = [
    "hypothesis>=4.36",
    "pydantic>=0.32.2",
]

[[package]]
name = "iniconfig"
version = "1.1.1"
summary = "iniconfig: brain-dead simple config-ini parsing"

[[package]]
name = "isort"
version = "5.10.1"
requires_python = ">=3.6.1,<4.0"
summary = "A Python utility / library to sort Python imports."

[[package]]
name = "mccabe"
version = "0.6.1"
summary = "McCabe checker, plugin for flake8"

[[package]]
name = "mypy-extensions"
version = "0.4.3"
summary = "Experimental type system extensions for programs checked with the mypy typechecker."

[[package]]
name = "packaging"
version = "21.3"
requires_python = ">=3.6"
summary = "Core utilities for Python packages"
dependencies = [
    "pyparsing!=3.0.5,>=2.0.2",
]

[[package]]
name = "pathspec"
version = "0.9.0"
requires_python = "!=3.0.*,!=3.1.*,!=3.2.*,!=3.3.*,!=3.4.*,>=2.7"
summary = "Utility library for gitignore style pattern matching of file paths."

[[package]]
name = "platformdirs"
version = "2.5.2"
requires_python = ">=3.7"
summary = "A small Python module for determining appropriate platform-specific dirs, e.g. a \"user data dir\"."

[[package]]
name = "pluggy"
version = "1.0.0"
requires_python = ">=3.6"
summary = "plugin and hook calling mechanisms for python"

[[package]]
name = "py"
version = "1.11.0"
requires_python = ">=2.7, !=3.0.*, !=3.1.*, !=3.2.*, !=3.3.*, !=3.4.*"
summary = "library with cross-python path, ini-parsing, io, code, log facilities"

[[package]]
name = "pycodestyle"
version = "2.8.0"
requires_python = ">=2.7, !=3.0.*, !=3.1.*, !=3.2.*, !=3.3.*, !=3.4.*"
summary = "Python style guide checker"

[[package]]
name = "pycryptodome"
version = "3.15.0"
requires_python = ">=2.7, !=3.0.*, !=3.1.*, !=3.2.*, !=3.3.*, !=3.4.*"
summary = "Cryptographic library for Python"

[[package]]
name = "pydantic"
version = "1.9.1"
requires_python = ">=3.6.1"
summary = "Data validation and settings management using python type hints"
dependencies = [
    "typing-extensions>=3.7.4.3",
]

[[package]]
name = "pyflakes"
version = "2.4.0"
requires_python = ">=2.7, !=3.0.*, !=3.1.*, !=3.2.*, !=3.3.*"
summary = "passive checker of Python programs"

[[package]]
name = "pyparsing"
version = "3.0.9"
requires_python = ">=3.6.8"
summary = "pyparsing module - Classes and methods to define and execute parsing grammars"

[[package]]
name = "pytest"
version = "7.1.2"
requires_python = ">=3.7"
summary = "pytest: simple powerful testing with Python"
dependencies = [
    "atomicwrites>=1.0; sys_platform == \"win32\"",
    "attrs>=19.2.0",
    "colorama; sys_platform == \"win32\"",
    "iniconfig",
    "packaging",
    "pluggy<2.0,>=0.12",
    "py>=1.8.2",
    "tomli>=1.0.0",
]

[[package]]
name = "shortuuid"
version = "1.0.9"
requires_python = ">=3.5"
summary = "A generator library for concise, unambiguous and URL-safe UUIDs."

[[package]]
name = "sortedcontainers"
version = "2.4.0"
summary = "Sorted Containers -- Sorted List, Sorted Dict, Sorted Set"

[[package]]
name = "tomli"
version = "2.0.1"
requires_python = ">=3.7"
summary = "A lil' TOML parser"

[[package]]
name = "typing-extensions"
version = "4.3.0"
requires_python = ">=3.7"
summary = "Backported and Experimental Type Hints for Python 3.7+"

[metadata]
lock_version = "4.0"
content_hash = "sha256:9e7ded5ab06916b6763d50eeb888eafd26249c23a9c427fa6020a142ef838992"

[metadata.files]
"atomicwrites 1.4.1" = [
    {url = "https://files.pythonhosted.org/packages/87/c6/53da25344e3e3a9c01095a89f16dbcda021c609ddb42dd6d7c0528236fb2/atomicwrites-1.4.1.tar.gz", hash = "sha256:81b2c9071a49367a7f770170e5eec8cb66567cfbbc8c73d20ce5ca4a8d71cf11"},
]
"attrs 22.1.0" = [
    {url = "https://files.pythonhosted.org/packages/1a/cb/c4ffeb41e7137b23755a45e1bfec9cbb76ecf51874c6f1d113984ecaa32c/attrs-22.1.0.tar.gz", hash = "sha256:29adc2665447e5191d0e7c568fde78b21f9672d344281d0c6e1ab085429b22b6"},
    {url = "https://files.pythonhosted.org/packages/f2/bc/d817287d1aa01878af07c19505fafd1165cd6a119e9d0821ca1d1c20312d/attrs-22.1.0-py2.py3-none-any.whl", hash = "sha256:86efa402f67bf2df34f51a335487cf46b1ec130d02b8d39fd248abfd30da551c"},
]
"black 22.6.0" = [
    {url = "https://files.pythonhosted.org/packages/07/eb/a757135497a3be31ab8c00ef239070c7277ad11b618104950a756bcab3c1/black-22.6.0-cp38-cp38-macosx_10_9_universal2.whl", hash = "sha256:a218d7e5856f91d20f04e931b6f16d15356db1c846ee55f01bac297a705ca24f"},
    {url = "https://files.pythonhosted.org/packages/19/b0/13864fd5f3090ca5379f3dcf6034f1e4f02b59620e7b8b5c6f0c85622c0b/black-22.6.0-cp39-cp39-macosx_11_0_arm64.whl", hash = "sha256:560558527e52ce8afba936fcce93a7411ab40c7d5fe8c2463e279e843c0328ee"},
    {url = "https://files.pythonhosted.org/packages/1a/84/203163902ee26bcf1beaef582ee0c8df3f325da3e961b68d2ece959e19d3/black-22.6.0-cp310-cp310-macosx_11_0_arm64.whl", hash = "sha256:6797f58943fceb1c461fb572edbe828d811e719c24e03375fd25170ada53825e"},
    {url = "https://files.pythonhosted.org/packages/1d/d2/bc58bae8ec35f5a3c796d71d5bda113060678483e623a019fb889edd8d97/black-22.6.0-cp39-cp39-macosx_10_9_universal2.whl", hash = "sha256:7ba9be198ecca5031cd78745780d65a3f75a34b2ff9be5837045dce55db83d1c"},
    {url = "https://files.pythonhosted.org/packages/2b/70/1d0e33a4df4ed73e9f02f698a29b5d94ff58e39f029c939ecf96a10fb1f3/black-22.6.0-py3-none-any.whl", hash = "sha256:ac609cf8ef5e7115ddd07d85d988d074ed00e10fbc3445aee393e70164a2219c"},
    {url = "https://files.pythonhosted.org/packages/2b/d9/7331e50dad8d5149a9e2285766960ac6b732ae9b3b9796e10916ad88ff61/black-22.6.0-cp39-cp39-manylinux_2_17_x86_64.manylinux2014_x86_64.whl", hash = "sha256:b154e6bbde1e79ea3260c4b40c0b7b3109ffcdf7bc4ebf8859169a6af72cd70b"},
    {url = "https://files.pythonhosted.org/packages/3e/fd/5e47b4d77549909e484de906a69fccc3fcfb782131d8b449073ad8b3ed3e/black-22.6.0-cp38-cp38-macosx_10_9_x86_64.whl", hash = "sha256:568ac3c465b1c8b34b61cd7a4e349e93f91abf0f9371eda1cf87194663ab684e"},
    {url = "https://files.pythonhosted.org/packages/40/d1/3f366d7887d1fb6e3e487a6c975a9e9e13618757ed0d5427197fa9e28290/black-22.6.0-cp37-cp37m-manylinux_2_17_x86_64.manylinux2014_x86_64.whl", hash = "sha256:187d96c5e713f441a5829e77120c269b6514418f4513a390b0499b0987f2ff1c"},
    {url = "https://files.pythonhosted.org/packages/46/eb/f489451de8b3e91bd82ee722b9a8493b94f8719ea6649e5b8bba2376056d/black-22.6.0-cp37-cp37m-win_amd64.whl", hash = "sha256:074458dc2f6e0d3dab7928d4417bb6957bb834434516f21514138437accdbe90"},
    {url = "https://files.pythonhosted.org/packages/55/33/752544332a2d3be0f6d54ef808075681b68ddc15cfcb90ff128f2d30c85c/black-22.6.0-cp39-cp39-win_amd64.whl", hash = "sha256:4af5bc0e1f96be5ae9bd7aaec219c901a94d6caa2484c21983d043371c733fc4"},
    {url = "https://files.pythonhosted.org/packages/57/62/2961a0a57bdf768ccb5aea16327400be6e6bde4fb47ac05af7e9535c5289/black-22.6.0-cp36-cp36m-win_amd64.whl", hash = "sha256:2ea29072e954a4d55a2ff58971b83365eba5d3d357352a07a7a4df0d95f51c78"},
    {url = "https://files.pythonhosted.org/packages/61/11/551b0d067a7e6836fc0997ab36ee46ec65259fea8f30104f4870092f3301/black-22.6.0.tar.gz", hash = "sha256:6c6d39e28aed379aec40da1c65434c77d75e65bb59a1e1c283de545fb4e7c6c9"},
    {url = "https://files.pythonhosted.org/packages/63/96/814e02033701f51701444d5505b5e2594453b1f7e913764a097b1f701633/black-22.6.0-cp310-cp310-macosx_10_9_x86_64.whl", hash = "sha256:b270a168d69edb8b7ed32c193ef10fd27844e5c60852039599f9184460ce0807"},
    {url = "https://files.pythonhosted.org/packages/80/ff/cfcfa4cdb42d8fff75b6b4dc355a1186a95de4714df8cc2a60f69f7b17f8/black-22.6.0-cp310-cp310-macosx_10_9_universal2.whl", hash = "sha256:f586c26118bc6e714ec58c09df0157fe2d9ee195c764f630eb0d8e7ccce72e69"},
    {url = "https://files.pythonhosted.org/packages/86/9c/2a8a13993bc63a50bda7436ecba902231fd9a88dd1cd233e6e3f534e071c/black-22.6.0-cp310-cp310-win_amd64.whl", hash = "sha256:f6fe02afde060bbeef044af7996f335fbe90b039ccf3f5eb8f16df8b20f77666"},
    {url = "https://files.pythonhosted.org/packages/8a/90/69274ed80397ada663ce3c4cc0c70b7fb20b529f9baf4bf9ddf4edc14ccd/black-22.6.0-cp36-cp36m-macosx_10_9_x86_64.whl", hash = "sha256:cfaf3895a9634e882bf9d2363fed5af8888802d670f58b279b0bece00e9a872d"},
    {url = "https://files.pythonhosted.org/packages/9b/22/ff6d904dcb6f92bd7c20b178ed0aa9e6814ae6452df6c573806dbc465b85/black-22.6.0-cp39-cp39-macosx_10_9_x86_64.whl", hash = "sha256:a3db5b6409b96d9bd543323b23ef32a1a2b06416d525d27e0f67e74f1446c8f2"},
    {url = "https://files.pythonhosted.org/packages/a7/51/d0acd9f74a946a825a148dcc392433c2332ae405967d76292b9e64712dc8/black-22.6.0-cp310-cp310-manylinux_2_17_x86_64.manylinux2014_x86_64.whl", hash = "sha256:c85928b9d5f83b23cee7d0efcb310172412fbf7cb9d9ce963bd67fd141781def"},
    {url = "https://files.pythonhosted.org/packages/ac/9d/b06f45e8dff2b10bf4644ba7a74490538c0272ae48308e04c6f551671b89/black-22.6.0-cp37-cp37m-macosx_10_9_x86_64.whl", hash = "sha256:e439798f819d49ba1c0bd9664427a05aab79bfba777a6db94fd4e56fae0cb849"},
    {url = "https://files.pythonhosted.org/packages/c4/67/a4e9125bf1a4eb5a2624b3b979af2dc6ee8d3c4ee0b3d2867173db4916fa/black-22.6.0-cp38-cp38-win_amd64.whl", hash = "sha256:b9fd45787ba8aa3f5e0a0a98920c1012c884622c6c920dbe98dbd05bc7c70fbf"},
    {url = "https://files.pythonhosted.org/packages/d6/45/985c13ac6b2f67504cda61fc1d95365eb6446a4c6988ffe0f0f311f7a617/black-22.6.0-cp36-cp36m-manylinux_2_17_x86_64.manylinux2014_x86_64.whl", hash = "sha256:94783f636bca89f11eb5d50437e8e17fbc6a929a628d82304c80fa9cd945f256"},
    {url = "https://files.pythonhosted.org/packages/e7/fe/4533d110ddced851a359cbbb162685814719690ee01939a34be023410854/black-22.6.0-cp38-cp38-macosx_11_0_arm64.whl", hash = "sha256:6c1734ab264b8f7929cef8ae5f900b85d579e6cbfde09d7387da8f04771b51c6"},
    {url = "https://files.pythonhosted.org/packages/fc/37/032c45b55f901ee3fe780fbc17fe2dc262c809d94de1288201350d8d680b/black-22.6.0-cp38-cp38-manylinux_2_17_x86_64.manylinux2014_x86_64.whl", hash = "sha256:c9a3ac16efe9ec7d7381ddebcc022119794872abce99475345c5a61aa18c45ad"},
]
"click 8.1.3" = [
    {url = "https://files.pythonhosted.org/packages/59/87/84326af34517fca8c58418d148f2403df25303e02736832403587318e9e8/click-8.1.3.tar.gz", hash = "sha256:7682dc8afb30297001674575ea00d1814d808d6a36af415a82bd481d37ba7b8e"},
    {url = "https://files.pythonhosted.org/packages/c2/f1/df59e28c642d583f7dacffb1e0965d0e00b218e0186d7858ac5233dce840/click-8.1.3-py3-none-any.whl", hash = "sha256:bb4d8133cb15a609f44e8213d9b391b0809795062913b383c62be0ee95b1db48"},
]
"colorama 0.4.5" = [
    {url = "https://files.pythonhosted.org/packages/2b/65/24d033a9325ce42ccbfa3ca2d0866c7e89cc68e5b9d92ecaba9feef631df/colorama-0.4.5.tar.gz", hash = "sha256:e6c6b4334fc50988a639d9b98aa429a0b57da6e17b9a44f0451f930b6967b7a4"},
    {url = "https://files.pythonhosted.org/packages/77/8b/7550e87b2d308a1b711725dfaddc19c695f8c5fa413c640b2be01662f4e6/colorama-0.4.5-py2.py3-none-any.whl", hash = "sha256:854bf444933e37f5824ae7bfc1e98d5bce2ebe4160d46b5edf346a89358e99da"},
]
"did-resolver 0.0.3" = [
    {url = "https://files.pythonhosted.org/packages/49/04/4702bdf37748cbf12cdaac3c1524abc1d3c6b270df5f5da1042131439d12/did_resolver-0.0.3-py3-none-any.whl", hash = "sha256:23181d75cbf5314991969a9eb5962ca77d08fdecfd329ab812af0cc08239eea8"},
    {url = "https://files.pythonhosted.org/packages/97/78/cdc8164ba27cc0a9e7ae3bc830c6ec91ecbab6738c320438a643ffea1315/did-resolver-0.0.3.tar.gz", hash = "sha256:1430c7c21279a9a88ee4f02826dfb209b442de4a7cb0b2f03769a2ac97a9d966"},
]
"exceptiongroup 1.0.0rc8" = [
    {url = "https://files.pythonhosted.org/packages/94/e0/2f58a7e00e28cd57f8239bd8d16963c2810142af58028cf5b0681ed9fdfd/exceptiongroup-1.0.0rc8.tar.gz", hash = "sha256:6990c24f06b8d33c8065cfe43e5e8a4bfa384e0358be036af9cc60b6321bd11a"},
    {url = "https://files.pythonhosted.org/packages/9a/8e/21e73923dabbf1b4bb36bc1c0f8f6da5c7d6becd0902213dbefa386ca8dc/exceptiongroup-1.0.0rc8-py3-none-any.whl", hash = "sha256:ab0a968e1ef769e55d9a596f4a89f7be9ffedbc9fdefdb77cc68cf5c33ce1035"},
]
"flake8 4.0.1" = [
    {url = "https://files.pythonhosted.org/packages/34/39/cde2c8a227abb4f9ce62fe55586b920f438f1d2903a1a22514d0b982c333/flake8-4.0.1-py2.py3-none-any.whl", hash = "sha256:479b1304f72536a55948cb40a32dce8bb0ffe3501e26eaf292c7e60eb5e0428d"},
    {url = "https://files.pythonhosted.org/packages/e6/84/d8db922289195c435779b4ca3a3f583f263f87e67954f7b2e83c8da21f48/flake8-4.0.1.tar.gz", hash = "sha256:806e034dda44114815e23c16ef92f95c91e4c71100ff52813adf7132a6ad870d"},
]
"hypothesis 6.53.0" = [
    {url = "https://files.pythonhosted.org/packages/04/dd/0d1662a163ef9494ae4c9f23c2689cb5ec72128c8664aaf00280312d4117/hypothesis-6.53.0.tar.gz", hash = "sha256:39f225530c28fe484a59c39839c8a2fb414f2ecfd4743f75d82f55e0f09268c0"},
    {url = "https://files.pythonhosted.org/packages/dd/d5/d2ffcc07c93b18cafa41e334e66c33d4cf86809d3998787fb421816b90fb/hypothesis-6.53.0-py3-none-any.whl", hash = "sha256:9c2b073731010cc00bcf060e71bd8f9507f6fe8f6d173f454634d1b91c537412"},
]
"hypothesis-auto 1.1.4" = [
    {url = "https://files.pythonhosted.org/packages/6d/d1/da08042807cc76fe1751e577eebd2ee95eadfbdf6c9aab1b366c16f9d4d9/hypothesis_auto-1.1.4-py3-none-any.whl", hash = "sha256:fea8560c4522c0fd490ed8cc17e420b95dabebb11b9b334c59bf2d768839015f"},
    {url = "https://files.pythonhosted.org/packages/de/50/62d1797f707a0b628dfe143d4f45bb88e9ea6c000c011b7467bf9c311ba6/hypothesis-auto-1.1.4.tar.gz", hash = "sha256:5e2c2fb09dc09842512d80630bb792359a1d33d2c0473ad47ee23da0be9e32b1"},
]
"iniconfig 1.1.1" = [
    {url = "https://files.pythonhosted.org/packages/23/a2/97899f6bd0e873fed3a7e67ae8d3a08b21799430fb4da15cfedf10d6e2c2/iniconfig-1.1.1.tar.gz", hash = "sha256:bc3af051d7d14b2ee5ef9969666def0cd1a000e121eaea580d4a313df4b37f32"},
    {url = "https://files.pythonhosted.org/packages/9b/dd/b3c12c6d707058fa947864b67f0c4e0c39ef8610988d7baea9578f3c48f3/iniconfig-1.1.1-py2.py3-none-any.whl", hash = "sha256:011e24c64b7f47f6ebd835bb12a743f2fbe9a26d4cecaa7f53bc4f35ee9da8b3"},
]
"isort 5.10.1" = [
    {url = "https://files.pythonhosted.org/packages/ab/e9/964cb0b2eedd80c92f5172f1f8ae0443781a9d461c1372a3ce5762489593/isort-5.10.1.tar.gz", hash = "sha256:e8443a5e7a020e9d7f97f1d7d9cd17c88bcb3bc7e218bf9cf5095fe550be2951"},
    {url = "https://files.pythonhosted.org/packages/b8/5b/f18e227df38b94b4ee30d2502fd531bebac23946a2497e5595067a561274/isort-5.10.1-py3-none-any.whl", hash = "sha256:6f62d78e2f89b4500b080fe3a81690850cd254227f27f75c3a0c491a1f351ba7"},
]
"mccabe 0.6.1" = [
    {url = "https://files.pythonhosted.org/packages/06/18/fa675aa501e11d6d6ca0ae73a101b2f3571a565e0f7d38e062eec18a91ee/mccabe-0.6.1.tar.gz", hash = "sha256:dd8d182285a0fe56bace7f45b5e7d1a6ebcbf524e8f3bd87eb0f125271b8831f"},
    {url = "https://files.pythonhosted.org/packages/87/89/479dc97e18549e21354893e4ee4ef36db1d237534982482c3681ee6e7b57/mccabe-0.6.1-py2.py3-none-any.whl", hash = "sha256:ab8a6258860da4b6677da4bd2fe5dc2c659cff31b3ee4f7f5d64e79735b80d42"},
]
"mypy-extensions 0.4.3" = [
    {url = "https://files.pythonhosted.org/packages/5c/eb/975c7c080f3223a5cdaff09612f3a5221e4ba534f7039db34c35d95fa6a5/mypy_extensions-0.4.3-py2.py3-none-any.whl", hash = "sha256:090fedd75945a69ae91ce1303b5824f428daf5a028d2f6ab8a299250a846f15d"},
    {url = "https://files.pythonhosted.org/packages/63/60/0582ce2eaced55f65a4406fc97beba256de4b7a95a0034c6576458c6519f/mypy_extensions-0.4.3.tar.gz", hash = "sha256:2d82818f5bb3e369420cb3c4060a7970edba416647068eb4c5343488a6c604a8"},
]
"packaging 21.3" = [
    {url = "https://files.pythonhosted.org/packages/05/8e/8de486cbd03baba4deef4142bd643a3e7bbe954a784dc1bb17142572d127/packaging-21.3-py3-none-any.whl", hash = "sha256:ef103e05f519cdc783ae24ea4e2e0f508a9c99b2d4969652eed6a2e1ea5bd522"},
    {url = "https://files.pythonhosted.org/packages/df/9e/d1a7217f69310c1db8fdf8ab396229f55a699ce34a203691794c5d1cad0c/packaging-21.3.tar.gz", hash = "sha256:dd47c42927d89ab911e606518907cc2d3a1f38bbd026385970643f9c5b8ecfeb"},
]
"pathspec 0.9.0" = [
    {url = "https://files.pythonhosted.org/packages/42/ba/a9d64c7bcbc7e3e8e5f93a52721b377e994c22d16196e2b0f1236774353a/pathspec-0.9.0-py2.py3-none-any.whl", hash = "sha256:7d15c4ddb0b5c802d161efc417ec1a2558ea2653c2e8ad9c19098201dc1c993a"},
    {url = "https://files.pythonhosted.org/packages/f6/33/436c5cb94e9f8902e59d1d544eb298b83c84b9ec37b5b769c5a0ad6edb19/pathspec-0.9.0.tar.gz", hash = "sha256:e564499435a2673d586f6b2130bb5b95f04a3ba06f81b8f895b651a3c76aabb1"},
]
"platformdirs 2.5.2" = [
    {url = "https://files.pythonhosted.org/packages/ed/22/967181c94c3a4063fe64e15331b4cb366bdd7dfbf46fcb8ad89650026fec/platformdirs-2.5.2-py3-none-any.whl", hash = "sha256:027d8e83a2d7de06bbac4e5ef7e023c02b863d7ea5d079477e722bb41ab25788"},
    {url = "https://files.pythonhosted.org/packages/ff/7b/3613df51e6afbf2306fc2465671c03390229b55e3ef3ab9dd3f846a53be6/platformdirs-2.5.2.tar.gz", hash = "sha256:58c8abb07dcb441e6ee4b11d8df0ac856038f944ab98b7be6b27b2a3c7feef19"},
]
"pluggy 1.0.0" = [
    {url = "https://files.pythonhosted.org/packages/9e/01/f38e2ff29715251cf25532b9082a1589ab7e4f571ced434f98d0139336dc/pluggy-1.0.0-py2.py3-none-any.whl", hash = "sha256:74134bbf457f031a36d68416e1509f34bd5ccc019f0bcc952c7b909d06b37bd3"},
    {url = "https://files.pythonhosted.org/packages/a1/16/db2d7de3474b6e37cbb9c008965ee63835bba517e22cdb8c35b5116b5ce1/pluggy-1.0.0.tar.gz", hash = "sha256:4224373bacce55f955a878bf9cfa763c1e360858e330072059e10bad68531159"},
]
"py 1.11.0" = [
    {url = "https://files.pythonhosted.org/packages/98/ff/fec109ceb715d2a6b4c4a85a61af3b40c723a961e8828319fbcb15b868dc/py-1.11.0.tar.gz", hash = "sha256:51c75c4126074b472f746a24399ad32f6053d1b34b68d2fa41e558e6f4a98719"},
    {url = "https://files.pythonhosted.org/packages/f6/f0/10642828a8dfb741e5f3fbaac830550a518a775c7fff6f04a007259b0548/py-1.11.0-py2.py3-none-any.whl", hash = "sha256:607c53218732647dff4acdfcd50cb62615cedf612e72d1724fb1a0cc6405b378"},
]
"pycodestyle 2.8.0" = [
    {url = "https://files.pythonhosted.org/packages/08/dc/b29daf0a202b03f57c19e7295b60d1d5e1281c45a6f5f573e41830819918/pycodestyle-2.8.0.tar.gz", hash = "sha256:eddd5847ef438ea1c7870ca7eb78a9d47ce0cdb4851a5523949f2601d0cbbe7f"},
    {url = "https://files.pythonhosted.org/packages/15/94/bc43a2efb7b8615e38acde2b6624cae8c9ec86faf718ff5676c5179a7714/pycodestyle-2.8.0-py2.py3-none-any.whl", hash = "sha256:720f8b39dde8b293825e7ff02c475f3077124006db4f440dcbc9a20b76548a20"},
]
"pycryptodome 3.15.0" = [
    {url = "https://files.pythonhosted.org/packages/00/07/5a262e3213a9358e2f7caf9080aa8a984f44bf4aee84592dfb965dd34355/pycryptodome-3.15.0-cp35-abi3-win_amd64.whl", hash = "sha256:c77126899c4b9c9827ddf50565e93955cb3996813c18900c16b2ea0474e130e9"},
    {url = "https://files.pythonhosted.org/packages/01/bc/7c67348624581fc57e5cb34e650ba09ba668e08e41937d1d1bbdc8cd9e9b/pycryptodome-3.15.0-cp27-cp27m-manylinux2010_i686.whl", hash = "sha256:7c9ed8aa31c146bef65d89a1b655f5f4eab5e1120f55fc297713c89c9e56ff0b"},
    {url = "https://files.pythonhosted.org/packages/11/e4/a8e8056a59c39f8c9ddd11d3bc3e1a67493abe746df727e531f66ecede9e/pycryptodome-3.15.0.tar.gz", hash = "sha256:9135dddad504592bcc18b0d2d95ce86c3a5ea87ec6447ef25cfedea12d6018b8"},
    {url = "https://files.pythonhosted.org/packages/1e/ed/e908d15473f14975f1b29d52de57fee7b035f87ff9560f9dae2e37bf9bc2/pycryptodome-3.15.0-cp27-cp27m-manylinux1_x86_64.whl", hash = "sha256:2ea63d46157386c5053cfebcdd9bd8e0c8b7b0ac4a0507a027f5174929403884"},
    {url = "https://files.pythonhosted.org/packages/2e/6f/27fbd8f3fd8b48feba2b4226f7f8d23af7755c54957fccc3fe6f44b764cf/pycryptodome-3.15.0-cp35-abi3-manylinux1_i686.whl", hash = "sha256:4c3ccad74eeb7b001f3538643c4225eac398c77d617ebb3e57571a897943c667"},
    {url = "https://files.pythonhosted.org/packages/2f/dc/e5bb825eb7348773b77ace0d977f549af851c1d8300f1ba60119e88ba715/pycryptodome-3.15.0-cp35-abi3-macosx_10_9_x86_64.whl", hash = "sha256:9ee40e2168f1348ae476676a2e938ca80a2f57b14a249d8fe0d3cdf803e5a676"},
    {url = "https://files.pythonhosted.org/packages/34/09/ab89d75316862ae9fced5516ba533dc17da89938e7de4d5ddfd8483fd9e8/pycryptodome-3.15.0-cp27-cp27mu-manylinux1_x86_64.whl", hash = "sha256:0926f7cc3735033061ef3cf27ed16faad6544b14666410727b31fea85a5b16eb"},
    {url = "https://files.pythonhosted.org/packages/35/5b/ba592bfd0d3bad9450645b751c132cf1028dc111ae699fd8e70808414941/pycryptodome-3.15.0-cp35-abi3-manylinux2014_aarch64.whl", hash = "sha256:092a26e78b73f2530b8bd6b3898e7453ab2f36e42fd85097d705d6aba2ec3e5e"},
    {url = "https://files.pythonhosted.org/packages/38/a7/ff3d1e9ef28726433b5d6edb5ded96a0b9d85722dad9c3faf27a1372b0a3/pycryptodome-3.15.0-pp36-pypy36_pp73-win32.whl", hash = "sha256:9c772c485b27967514d0df1458b56875f4b6d025566bf27399d0c239ff1b369f"},
    {url = "https://files.pythonhosted.org/packages/55/60/28d873c1efe46cf62494a0393fe34e4757821123fb1af9c45be3b2eeba8a/pycryptodome-3.15.0-cp35-abi3-win32.whl", hash = "sha256:e244ab85c422260de91cda6379e8e986405b4f13dc97d2876497178707f87fc1"},
    {url = "https://files.pythonhosted.org/packages/5a/3d/56084bd2b973c262a59d6b7c5618d93f8ee6045c484e7675e97104e48ac3/pycryptodome-3.15.0-cp27-cp27mu-manylinux2010_x86_64.whl", hash = "sha256:c3640deff4197fa064295aaac10ab49a0d55ef3d6a54ae1499c40d646655c89f"},
    {url = "https://files.pythonhosted.org/packages/5c/9c/2cfbb08a3f573e35818fe49d4f6efdc6c157553b71bc7d65592de49f623f/pycryptodome-3.15.0-cp27-cp27m-win_amd64.whl", hash = "sha256:7e3a8f6ee405b3bd1c4da371b93c31f7027944b2bcce0697022801db93120d83"},
    {url = "https://files.pythonhosted.org/packages/6a/09/84ac32b49e991308749d615e7a5b9ae13b94adb01279224fbca584636977/pycryptodome-3.15.0-cp27-cp27m-manylinux1_i686.whl", hash = "sha256:2ffd8b31561455453ca9f62cb4c24e6b8d119d6d531087af5f14b64bee2c23e6"},
    {url = "https://files.pythonhosted.org/packages/6c/73/7b25e21cbb4aa8817f85fa86537798d681f3dd479fd5d4737e9f3efbaf9e/pycryptodome-3.15.0-cp27-cp27m-manylinux2014_aarch64.whl", hash = "sha256:2ec709b0a58b539a4f9d33fb8508264c3678d7edb33a68b8906ba914f71e8c13"},
    {url = "https://files.pythonhosted.org/packages/74/4d/1340e63264e07ff5f1e1daec9d66015ade99d64f3b966a52ff7ff3f4a362/pycryptodome-3.15.0-pp36-pypy36_pp73-manylinux1_x86_64.whl", hash = "sha256:ecaaef2d21b365d9c5ca8427ffc10cebed9d9102749fd502218c23cb9a05feb5"},
    {url = "https://files.pythonhosted.org/packages/74/f8/e6e9e2426f332b2216950df88bdf160ed90b2dbe42dfd5fc5e8ac33bd583/pycryptodome-3.15.0-cp27-cp27mu-manylinux2010_i686.whl", hash = "sha256:2aa55aae81f935a08d5a3c2042eb81741a43e044bd8a81ea7239448ad751f763"},
    {url = "https://files.pythonhosted.org/packages/7d/ac/843a78bc3c5c680f4c22f530bdb6e2927b770f77630948b0e0247cc23c04/pycryptodome-3.15.0-cp27-cp27m-macosx_10_9_x86_64.whl", hash = "sha256:ff7ae90e36c1715a54446e7872b76102baa5c63aa980917f4aa45e8c78d1a3ec"},
    {url = "https://files.pythonhosted.org/packages/7d/be/e3e56f7f92bebf506aec486eb71d91952d2e9faf5e10872a89931db4120f/pycryptodome-3.15.0-cp35-abi3-manylinux2010_x86_64.whl", hash = "sha256:4b52cb18b0ad46087caeb37a15e08040f3b4c2d444d58371b6f5d786d95534c2"},
    {url = "https://files.pythonhosted.org/packages/86/93/93d5752292d6cf2709d9c3343c26e5a6f308976a566b6e4a389094b83fbe/pycryptodome-3.15.0-cp27-cp27m-manylinux2010_x86_64.whl", hash = "sha256:5099c9ca345b2f252f0c28e96904643153bae9258647585e5e6f649bb7a1844a"},
    {url = "https://files.pythonhosted.org/packages/9b/c0/6aac989804de5526099062b263be17c7216901fc2fbbc4e08b6e44d9c236/pycryptodome-3.15.0-cp27-cp27mu-manylinux2014_aarch64.whl", hash = "sha256:045d75527241d17e6ef13636d845a12e54660aa82e823b3b3341bcf5af03fa79"},
    {url = "https://files.pythonhosted.org/packages/9b/e8/628f92b38ee4475d7b316d04c2913d397cdcc3f3a873bdbea10a438ba9fe/pycryptodome-3.15.0-pp27-pypy_73-manylinux1_x86_64.whl", hash = "sha256:ff287bcba9fbeb4f1cccc1f2e90a08d691480735a611ee83c80a7d74ad72b9d9"},
    {url = "https://files.pythonhosted.org/packages/b1/54/ad3e2e07a5a7ceb926971398f7e3a0eeee85b6e1d3e658df8f71a4497daa/pycryptodome-3.15.0-cp35-abi3-manylinux1_x86_64.whl", hash = "sha256:1b22bcd9ec55e9c74927f6b1f69843cb256fb5a465088ce62837f793d9ffea88"},
    {url = "https://files.pythonhosted.org/packages/b1/6c/4ee93e2e863e95caffc5a356b867e86f5596f4e38cddb43848412dd69176/pycryptodome-3.15.0-pp27-pypy_73-manylinux2010_x86_64.whl", hash = "sha256:60b4faae330c3624cc5a546ba9cfd7b8273995a15de94ee4538130d74953ec2e"},
    {url = "https://files.pythonhosted.org/packages/b1/d5/4a140b9d316681e9d2e55ac8a29f7f70b446c795e0af5f3de2500d7654b0/pycryptodome-3.15.0-cp27-cp27m-win32.whl", hash = "sha256:fd2184aae6ee2a944aaa49113e6f5787cdc5e4db1eb8edb1aea914bd75f33a0c"},
    {url = "https://files.pythonhosted.org/packages/b1/e4/079a70b03928a01d5517cc69a5cf4bca79df7c3d85e27e4e66e9b4e211e7/pycryptodome-3.15.0-cp27-cp27mu-manylinux1_i686.whl", hash = "sha256:b9c5b1a1977491533dfd31e01550ee36ae0249d78aae7f632590db833a5012b8"},
    {url = "https://files.pythonhosted.org/packages/b5/de/a1d1407e0bfd396e62c9efe3261be0c76888a8f3722b9b7f61f460e0e328/pycryptodome-3.15.0-pp36-pypy36_pp73-manylinux2010_x86_64.whl", hash = "sha256:d2a39a66057ab191e5c27211a7daf8f0737f23acbf6b3562b25a62df65ffcb7b"},
    {url = "https://files.pythonhosted.org/packages/bb/7a/0e51d1dc253d0571106009b94762b8ab5a7c905079c354247b721ae1f198/pycryptodome-3.15.0-pp27-pypy_73-macosx_10_9_x86_64.whl", hash = "sha256:9eaadc058106344a566dc51d3d3a758ab07f8edde013712bc8d22032a86b264f"},
    {url = "https://files.pythonhosted.org/packages/c5/b4/526dd68f6c8ff6b785d7a08da7a6bba5646cced508454f1d1ab948e6b737/pycryptodome-3.15.0-cp35-abi3-manylinux2010_i686.whl", hash = "sha256:57f565acd2f0cf6fb3e1ba553d0cb1f33405ec1f9c5ded9b9a0a5320f2c0bd3d"},
    {url = "https://files.pythonhosted.org/packages/c7/d0/319a673a6514beb9a203fdb60f28b87135bbbdda0b3ea782c022414a9034/pycryptodome-3.15.0-pp36-pypy36_pp73-macosx_10_9_x86_64.whl", hash = "sha256:b9cc96e274b253e47ad33ae1fccc36ea386f5251a823ccb50593a935db47fdd2"},
    {url = "https://files.pythonhosted.org/packages/c8/03/1f745c158299000664a6fb5c0b28d5359837b05b4ba1f5a37645da5cad4d/pycryptodome-3.15.0-pp27-pypy_73-win32.whl", hash = "sha256:a8f06611e691c2ce45ca09bbf983e2ff2f8f4f87313609d80c125aff9fad6e7f"},
]
"pydantic 1.9.1" = [
    {url = "https://files.pythonhosted.org/packages/09/ca/44704f9ed827019f15ed17bd61be8217efe0d224609980c12b961bfcefdc/pydantic-1.9.1-cp39-cp39-win_amd64.whl", hash = "sha256:61b6760b08b7c395975d893e0b814a11cf011ebb24f7d869e7118f5a339a82e1"},
    {url = "https://files.pythonhosted.org/packages/13/77/22ba810e9f2a39fd73934e06a470e46155c382ebfcc0bd4c8db5ba306f73/pydantic-1.9.1-cp36-cp36m-musllinux_1_1_x86_64.whl", hash = "sha256:ae72f8098acb368d877b210ebe02ba12585e77bd0db78ac04a1ee9b9f5dd2166"},
    {url = "https://files.pythonhosted.org/packages/21/b2/0067e1ea3d0d7fcbd76e9fb58bd4aa2dd194ab23c251984a1a722bbf1dd0/pydantic-1.9.1-cp37-cp37m-win_amd64.whl", hash = "sha256:a955260d47f03df08acf45689bd163ed9df82c0e0124beb4251b1290fa7ae728"},
    {url = "https://files.pythonhosted.org/packages/2e/6b/7ae3031fc86b974296ef3a91221aec46fdf66a8dd6ba1d300151a812c5b3/pydantic-1.9.1-cp39-cp39-musllinux_1_1_x86_64.whl", hash = "sha256:72ccb318bf0c9ab97fc04c10c37683d9eea952ed526707fabf9ac5ae59b701fd"},
    {url = "https://files.pythonhosted.org/packages/32/c8/b1713db51b80c9b29611c3e62710e5f9eb6c6df2a875c9500f59ad1fcd48/pydantic-1.9.1-cp36-cp36m-musllinux_1_1_i686.whl", hash = "sha256:d12f96b5b64bec3f43c8e82b4aab7599d0157f11c798c9f9c528a72b9e0b339a"},
    {url = "https://files.pythonhosted.org/packages/5d/1a/d9fc0d8c6decab0822aabf30d9c8aeb61df08c7119f5e52825abd865425e/pydantic-1.9.1-cp36-cp36m-manylinux_2_17_x86_64.manylinux2014_x86_64.whl", hash = "sha256:985ceb5d0a86fcaa61e45781e567a59baa0da292d5ed2e490d612d0de5796918"},
    {url = "https://files.pythonhosted.org/packages/5f/76/11635fe2d808c0062f4f23a6ac6453e6110d3446fb196e3b6dfc1d15f979/pydantic-1.9.1-cp39-cp39-manylinux_2_17_x86_64.manylinux2014_x86_64.whl", hash = "sha256:02eefd7087268b711a3ff4db528e9916ac9aa18616da7bca69c1871d0b7a091f"},
    {url = "https://files.pythonhosted.org/packages/68/17/1828a267f999077fba10b24076e027df79cc2c5ede8e0a91a7cbf43428d8/pydantic-1.9.1-cp310-cp310-win_amd64.whl", hash = "sha256:a4a88dcd6ff8fd47c18b3a3709a89adb39a6373f4482e04c1b765045c7e282fd"},
    {url = "https://files.pythonhosted.org/packages/71/54/de851f0ab24e6044be1df7186ba000defefe36945f10b86f70f6b4300284/pydantic-1.9.1-cp37-cp37m-macosx_10_9_x86_64.whl", hash = "sha256:494f7c8537f0c02b740c229af4cb47c0d39840b829ecdcfc93d91dcbb0779892"},
    {url = "https://files.pythonhosted.org/packages/71/ea/1169909a5d70085aea49a9d4995636498d0df0e9a06f71b747eb4a104aa2/pydantic-1.9.1-cp310-cp310-musllinux_1_1_x86_64.whl", hash = "sha256:e565a785233c2d03724c4dc55464559639b1ba9ecf091288dd47ad9c629433bd"},
    {url = "https://files.pythonhosted.org/packages/80/30/553e846151cd7dbd2405fb128272c6cea5ea3e42f9538e2962838dcf755b/pydantic-1.9.1-cp37-cp37m-musllinux_1_1_x86_64.whl", hash = "sha256:9bcf8b6e011be08fb729d110f3e22e654a50f8a826b0575c7196616780683380"},
    {url = "https://files.pythonhosted.org/packages/81/48/b3c8cb4eb7106b612bbfc263d557b75e27d2720a0cf2c442ea67950d6d43/pydantic-1.9.1-cp39-cp39-musllinux_1_1_i686.whl", hash = "sha256:4ce9ae9e91f46c344bec3b03d6ee9612802682c1551aaf627ad24045ce090761"},
    {url = "https://files.pythonhosted.org/packages/8e/d8/56552e89a644b77e51fd8c2c6cc4982ec83b5f6221c10c00bf1406255fec/pydantic-1.9.1-cp38-cp38-musllinux_1_1_i686.whl", hash = "sha256:a9af62e9b5b9bc67b2a195ebc2c2662fdf498a822d62f902bf27cccb52dbbf49"},
    {url = "https://files.pythonhosted.org/packages/97/7b/229158bcd271f02ec2e92c6740ce47236797fcef2d36cbe949c0ea9f3a68/pydantic-1.9.1-cp38-cp38-macosx_10_9_x86_64.whl", hash = "sha256:9ce157d979f742a915b75f792dbd6aa63b8eccaf46a1005ba03aa8a986bde34a"},
    {url = "https://files.pythonhosted.org/packages/9a/a2/585b1a747b7bbb22392fe9c875b8adfaaee9a7be506fbb66a749157f9099/pydantic-1.9.1-cp39-cp39-macosx_10_9_x86_64.whl", hash = "sha256:b83ba3825bc91dfa989d4eed76865e71aea3a6ca1388b59fc801ee04c4d8d0d6"},
    {url = "https://files.pythonhosted.org/packages/a2/b1/99dd40e020d05ffa3a69ff980d26fd4db36889a379c0084329b7c7e5568b/pydantic-1.9.1-cp38-cp38-win_amd64.whl", hash = "sha256:9f659a5ee95c8baa2436d392267988fd0f43eb774e5eb8739252e5a7e9cf07e0"},
    {url = "https://files.pythonhosted.org/packages/a4/0c/fbaa7319dcb5eecd3484686eb5a5c5702a6445adb566f01aee6de3369bc4/pydantic-1.9.1-cp310-cp310-manylinux_2_17_x86_64.manylinux2014_x86_64.whl", hash = "sha256:18f3e912f9ad1bdec27fb06b8198a2ccc32f201e24174cec1b3424dda605a310"},
    {url = "https://files.pythonhosted.org/packages/a5/2a/59787a33253375a1d4eea75a65b0008feb01027a4de6c0c097f513cee793/pydantic-1.9.1-cp36-cp36m-macosx_10_9_x86_64.whl", hash = "sha256:447d5521575f18e18240906beadc58551e97ec98142266e521c34968c76c8761"},
    {url = "https://files.pythonhosted.org/packages/b1/34/5281371fbca70a089c9afcff8f0223f8d9da982efe0802fac36e39debdff/pydantic-1.9.1-cp310-cp310-musllinux_1_1_i686.whl", hash = "sha256:8bc541a405423ce0e51c19f637050acdbdf8feca34150e0d17f675e72d119580"},
    {url = "https://files.pythonhosted.org/packages/b4/73/4fa4e18868aa0e68782a8a3b37c9e08dcc3453e122a191d077910f41fa8c/pydantic-1.9.1-cp310-cp310-macosx_11_0_arm64.whl", hash = "sha256:c320c64dd876e45254bdd350f0179da737463eea41c43bacbee9d8c9d1021f11"},
    {url = "https://files.pythonhosted.org/packages/b9/01/fad5d5a724780873e0fac2b1ca9365636179921fc371ac6a7ec6b9706d8e/pydantic-1.9.1-cp37-cp37m-manylinux_2_5_i686.manylinux1_i686.manylinux_2_17_i686.manylinux2014_i686.whl", hash = "sha256:969dd06110cb780da01336b281f53e2e7eb3a482831df441fb65dd30403f4608"},
    {url = "https://files.pythonhosted.org/packages/be/11/a929057bf8742a6362e216e10f6d9caf44bae146a87321b9a18278b6b7d4/pydantic-1.9.1-cp310-cp310-macosx_10_9_x86_64.whl", hash = "sha256:c8098a724c2784bf03e8070993f6d46aa2eeca031f8d8a048dff277703e6e193"},
    {url = "https://files.pythonhosted.org/packages/c1/3b/e3f31676b694ab293ba4b7c5a3146fa8ec72c7a4d71c69a883aad1210517/pydantic-1.9.1-cp38-cp38-macosx_11_0_arm64.whl", hash = "sha256:0bf07cab5b279859c253d26a9194a8906e6f4a210063b84b433cf90a569de0c1"},
    {url = "https://files.pythonhosted.org/packages/c4/d2/6118efdb9fdaf3d4dfecc0276d4d47a1ef9aaf9903fa49f1ece765d917cb/pydantic-1.9.1-cp39-cp39-manylinux_2_5_i686.manylinux1_i686.manylinux_2_17_i686.manylinux2014_i686.whl", hash = "sha256:7eb57ba90929bac0b6cc2af2373893d80ac559adda6933e562dcfb375029acee"},
    {url = "https://files.pythonhosted.org/packages/c6/a1/e71646590e474c0b590ed1d8015e03a942cb02bc78709db80b07a2976268/pydantic-1.9.1-cp36-cp36m-manylinux_2_5_i686.manylinux1_i686.manylinux_2_17_i686.manylinux2014_i686.whl", hash = "sha256:059b6c1795170809103a1538255883e1983e5b831faea6558ef873d4955b4a74"},
    {url = "https://files.pythonhosted.org/packages/c7/26/f5d5c0e9d3bca2c720a70b3280299dd76861b1938862cd4425d7d7e88396/pydantic-1.9.1-cp38-cp38-musllinux_1_1_x86_64.whl", hash = "sha256:fe4670cb32ea98ffbf5a1262f14c3e102cccd92b1869df3bb09538158ba90fe6"},
    {url = "https://files.pythonhosted.org/packages/d0/a5/e4a25a0becf35530a3d90459a88855743e942f2e502da49ca5b10aa78568/pydantic-1.9.1.tar.gz", hash = "sha256:1ed987c3ff29fff7fd8c3ea3a3ea877ad310aae2ef9889a119e22d3f2db0691a"},
    {url = "https://files.pythonhosted.org/packages/dc/e4/06e4a32426e6368e510cdab4bd3ebbace7ad7b94a5a2354cb4536c7a4bf4/pydantic-1.9.1-cp36-cp36m-win_amd64.whl", hash = "sha256:79b485767c13788ee314669008d01f9ef3bc05db9ea3298f6a50d3ef596a154b"},
    {url = "https://files.pythonhosted.org/packages/de/0a/bd6eb16c07eba6aad5e543985995e2cbdc4925ccffc2f9491482f9101c0e/pydantic-1.9.1-cp38-cp38-manylinux_2_17_x86_64.manylinux2014_x86_64.whl", hash = "sha256:5d93d4e95eacd313d2c765ebe40d49ca9dd2ed90e5b37d0d421c597af830c195"},
    {url = "https://files.pythonhosted.org/packages/df/c9/7ea0a065d96a200f008021f28149f16b6d99c30d04461c562061d6a73ce8/pydantic-1.9.1-cp38-cp38-manylinux_2_5_i686.manylinux1_i686.manylinux_2_17_i686.manylinux2014_i686.whl", hash = "sha256:1542636a39c4892c4f4fa6270696902acb186a9aaeac6f6cf92ce6ae2e88564b"},
    {url = "https://files.pythonhosted.org/packages/e4/67/5ca471ba5dfddc309fcc0bd262a485facbd78a003513800a332fd01ce165/pydantic-1.9.1-cp310-cp310-manylinux_2_5_i686.manylinux1_i686.manylinux_2_17_i686.manylinux2014_i686.whl", hash = "sha256:c11951b404e08b01b151222a1cb1a9f0a860a8153ce8334149ab9199cd198131"},
    {url = "https://files.pythonhosted.org/packages/ea/3a/6b451f0ddb374e6a23642554ee3a357029d718083e084b3c9e6ea9b8119a/pydantic-1.9.1-cp37-cp37m-musllinux_1_1_i686.whl", hash = "sha256:177071dfc0df6248fd22b43036f936cfe2508077a72af0933d0c1fa269b18537"},
    {url = "https://files.pythonhosted.org/packages/ed/30/cc6081090e0653b8bfeac45b5973027771050813c4ac167a277f4f355242/pydantic-1.9.1-cp39-cp39-macosx_11_0_arm64.whl", hash = "sha256:1dd8fecbad028cd89d04a46688d2fcc14423e8a196d5b0a5c65105664901f810"},
    {url = "https://files.pythonhosted.org/packages/f1/ea/1b879b2b30c4e041bce20f3baf785a640f93ae4146d5258dff5661d0bebf/pydantic-1.9.1-cp37-cp37m-manylinux_2_17_x86_64.manylinux2014_x86_64.whl", hash = "sha256:f0f047e11febe5c3198ed346b507e1d010330d56ad615a7e0a89fae604065a0e"},
    {url = "https://files.pythonhosted.org/packages/f3/88/78666bfe38d3a8aee75fbd2410ac6e26dfdd64585323c07648f387817c76/pydantic-1.9.1-py3-none-any.whl", hash = "sha256:4988c0f13c42bfa9ddd2fe2f569c9d54646ce84adc5de84228cfe83396f3bd58"},
]
"pyflakes 2.4.0" = [
    {url = "https://files.pythonhosted.org/packages/15/60/c577e54518086e98470e9088278247f4af1d39cb43bcbd731e2c307acd6a/pyflakes-2.4.0.tar.gz", hash = "sha256:05a85c2872edf37a4ed30b0cce2f6093e1d0581f8c19d7393122da7e25b2b24c"},
    {url = "https://files.pythonhosted.org/packages/43/fb/38848eb494af7df9aeb2d7673ace8b213313eb7e391691a79dbaeb6a838f/pyflakes-2.4.0-py2.py3-none-any.whl", hash = "sha256:3bb3a3f256f4b7968c9c788781e4ff07dce46bdf12339dcda61053375426ee2e"},
]
"pyparsing 3.0.9" = [
    {url = "https://files.pythonhosted.org/packages/6c/10/a7d0fa5baea8fe7b50f448ab742f26f52b80bfca85ac2be9d35cdd9a3246/pyparsing-3.0.9-py3-none-any.whl", hash = "sha256:5026bae9a10eeaefb61dab2f09052b9f4307d44aee4eda64b309723d8d206bbc"},
    {url = "https://files.pythonhosted.org/packages/71/22/207523d16464c40a0310d2d4d8926daffa00ac1f5b1576170a32db749636/pyparsing-3.0.9.tar.gz", hash = "sha256:2b020ecf7d21b687f219b71ecad3631f644a47f01403fa1d1036b0c6416d70fb"},
]
"pytest 7.1.2" = [
    {url = "https://files.pythonhosted.org/packages/4e/1f/34657c6ac56f3c58df650ba41f8ffb2620281ead8e11bcdc7db63cf72a78/pytest-7.1.2.tar.gz", hash = "sha256:a06a0425453864a270bc45e71f783330a7428defb4230fb5e6a731fde06ecd45"},
    {url = "https://files.pythonhosted.org/packages/fb/d0/bae533985f2338c5d02184b4a7083b819f6b3fc101da792e0d96e6e5299d/pytest-7.1.2-py3-none-any.whl", hash = "sha256:13d0e3ccfc2b6e26be000cb6568c832ba67ba32e719443bfe725814d3c42433c"},
]
"shortuuid 1.0.9" = [
    {url = "https://files.pythonhosted.org/packages/01/14/df1aa61e1bb75a6fff19b25d7d175b7f188dc15a70dfc80e7badd5bda1de/shortuuid-1.0.9-py3-none-any.whl", hash = "sha256:b2bb9eb7773170e253bb7ba25971023acb473517a8b76803d9618668cb1dd46f"},
    {url = "https://files.pythonhosted.org/packages/93/71/026c64b145a306c3b555d69f03d1e9c97d363faa64ddcf9345caf49e213f/shortuuid-1.0.9.tar.gz", hash = "sha256:459f12fa1acc34ff213b1371467c0325169645a31ed989e268872339af7563d5"},
]
"sortedcontainers 2.4.0" = [
    {url = "https://files.pythonhosted.org/packages/32/46/9cb0e58b2deb7f82b84065f37f3bffeb12413f947f9388e4cac22c4621ce/sortedcontainers-2.4.0-py2.py3-none-any.whl", hash = "sha256:a163dcaede0f1c021485e957a39245190e74249897e2ae4b2aa38595db237ee0"},
    {url = "https://files.pythonhosted.org/packages/e8/c4/ba2f8066cceb6f23394729afe52f3bf7adec04bf9ed2c820b39e19299111/sortedcontainers-2.4.0.tar.gz", hash = "sha256:25caa5a06cc30b6b83d11423433f65d1f9d76c4c6a0c90e3379eaa43b9bfdb88"},
]
"tomli 2.0.1" = [
    {url = "https://files.pythonhosted.org/packages/97/75/10a9ebee3fd790d20926a90a2547f0bf78f371b2f13aa822c759680ca7b9/tomli-2.0.1-py3-none-any.whl", hash = "sha256:939de3e7a6161af0c887ef91b7d41a53e7c5a1ca976325f429cb46ea9bc30ecc"},
    {url = "https://files.pythonhosted.org/packages/c0/3f/d7af728f075fb08564c5949a9c95e44352e23dee646869fa104a3b2060a3/tomli-2.0.1.tar.gz", hash = "sha256:de526c12914f0c550d15924c62d72abc48d6fe7364aa87328337a31007fe8a4f"},
]
"typing-extensions 4.3.0" = [
    {url = "https://files.pythonhosted.org/packages/9e/1d/d128169ff58c501059330f1ad96ed62b79114a2eb30b8238af63a2e27f70/typing_extensions-4.3.0.tar.gz", hash = "sha256:e6d2677a32f47fc7eb2795db1dd15c1f34eff616bcaf2cfb5e997f854fa1c4a6"},
    {url = "https://files.pythonhosted.org/packages/ed/d6/2afc375a8d55b8be879d6b4986d4f69f01115e795e36827fd3a40166028b/typing_extensions-4.3.0-py3-none-any.whl", hash = "sha256:25642c956049920a5aa49edcdd6ab1e06d7e5d467fc00e0506c44ac86fbfca02"},
]
